
Microsoft Visual Studio Solution File, Format Version 12.00
# Visual Studio 15
VisualStudioVersion = 15.0.28307.539
MinimumVisualStudioVersion = 10.0.40219.1
Project("{FAE04EC0-301F-11D3-BF4B-00C04F79EFBC}") = "WarSim2.0", "WarSim2.0\WarSim2.0.csproj", "{004A4D8B-5090-4D2E-B233-76B1338BD457}"
EndProject
Global
	GlobalSection(SolutionConfigurationPlatforms) = preSolution
		Debug|Any CPU = Debug|Any CPU
		Release|Any CPU = Release|Any CPU
	EndGlobalSection
	GlobalSection(ProjectConfigurationPlatforms) = postSolution
		{004A4D8B-5090-4D2E-B233-76B1338BD457}.Debug|Any CPU.ActiveCfg = Debug|Any CPU
		{004A4D8B-5090-4D2E-B233-76B1338BD457}.Debug|Any CPU.Build.0 = Debug|Any CPU
		{004A4D8B-5090-4D2E-B233-76B1338BD457}.Release|Any CPU.ActiveCfg = Release|Any CPU
		{004A4D8B-5090-4D2E-B233-76B1338BD457}.Release|Any CPU.Build.0 = Release|Any CPU
	EndGlobalSection
	GlobalSection(SolutionProperties) = preSolution
		HideSolutionNode = FALSE
	EndGlobalSection
	GlobalSection(ExtensibilityGlobals) = postSolution
		SolutionGuid = {AFA3C512-9F14-4AA1-B79F-17F5679EB7A5}
	EndGlobalSection
EndGlobal
